
Microsoft Visual Studio Solution File, Format Version 12.00
# Visual Studio 15
VisualStudioVersion = 15.0.28307.645
MinimumVisualStudioVersion = 10.0.40219.1
Project("{FAE04EC0-301F-11D3-BF4B-00C04F79EFBC}") = "StoreBusinessProcess", "StoreBusinessProcess\StoreBusinessProcess.csproj", "{99ACA084-FE46-474D-BFB1-9A3023544DED}"
EndProject
Global
	GlobalSection(SolutionConfigurationPlatforms) = preSolution
		Debug|Any CPU = Debug|Any CPU
		Release|Any CPU = Release|Any CPU
	EndGlobalSection
	GlobalSection(ProjectConfigurationPlatforms) = postSolution
		{99ACA084-FE46-474D-BFB1-9A3023544DED}.Debug|Any CPU.ActiveCfg = Debug|Any CPU
		{99ACA084-FE46-474D-BFB1-9A3023544DED}.Debug|Any CPU.Build.0 = Debug|Any CPU
		{99ACA084-FE46-474D-BFB1-9A3023544DED}.Release|Any CPU.ActiveCfg = Release|Any CPU
		{99ACA084-FE46-474D-BFB1-9A3023544DED}.Release|Any CPU.Build.0 = Release|Any CPU
	EndGlobalSection
	GlobalSection(SolutionProperties) = preSolution
		HideSolutionNode = FALSE
	EndGlobalSection
	GlobalSection(ExtensibilityGlobals) = postSolution
		SolutionGuid = {C711A98F-DD77-4C37-B763-51D13D153251}
	EndGlobalSection
EndGlobal
